
Microsoft Visual Studio Solution File, Format Version 12.00
# Visual Studio Version 17
VisualStudioVersion = 17.14.36310.24 d17.14
MinimumVisualStudioVersion = 10.0.40219.1
Project("{FAE04EC0-301F-11D3-BF4B-00C04F79EFBC}") = "BharatGPT", "BharatGPT.csproj", "{3EEBF3A8-9751-4F98-B639-9E8A2B301E3C}"
EndProject
Global
	GlobalSection(SolutionConfigurationPlatforms) = preSolution
		Debug|Any CPU = Debug|Any CPU
		Release|Any CPU = Release|Any CPU
	EndGlobalSection
	GlobalSection(ProjectConfigurationPlatforms) = postSolution
		{3EEBF3A8-9751-4F98-B639-9E8A2B301E3C}.Debug|Any CPU.ActiveCfg = Debug|Any CPU
		{3EEBF3A8-9751-4F98-B639-9E8A2B301E3C}.Debug|Any CPU.Build.0 = Debug|Any CPU
		{3EEBF3A8-9751-4F98-B639-9E8A2B301E3C}.Release|Any CPU.ActiveCfg = Release|Any CPU
		{3EEBF3A8-9751-4F98-B639-9E8A2B301E3C}.Release|Any CPU.Build.0 = Release|Any CPU
	EndGlobalSection
	GlobalSection(SolutionProperties) = preSolution
		HideSolutionNode = FALSE
	EndGlobalSection
	GlobalSection(ExtensibilityGlobals) = postSolution
		SolutionGuid = {567DBC35-2033-43A4-8807-B443CCEC086A}
	EndGlobalSection
EndGlobal
